{
  "root": "adc68177550842bb",
  "generated": "2026-05-18T07:25:56Z",
  "status": "aligned",
  "symbols": {
    "app": {
      "hash": "622593f872ad3542",
      "means": "app: anonymous_leaderboards=True, auth_lib=authjs_v5, css=tailwind, db_layer=better_sqlite3_direct, e2e_runner=playwright, first_admin_bootstrap=env_discord_id_optional, game_categories_count=8, migration_strategy=sql_files_versioned, next_major=15, next_router=app_router, pwa_strategy=manual_sw, session_strategy=jwt, test_runner=vitest, ui_lib=tailwind_handwritten",
      "docs": {
        "docs/app.md": {
          "hash": "415d867c08f084e7",
          "status": "current"
        }
      },
      "interlocks": {}
    },
    "architecture": {
      "hash": "ba887812097cee90",
      "means": "architecture: db=sqlite, framework=next.js, gitops=argocd, image_arch=linux/amd64, image_registry=dockerhub, orchestrator=kubernetes, runtime=node20",
      "docs": {
        "docs/architecture.md": {
          "hash": "1be64f48f104d0f2",
          "status": "current"
        }
      },
      "interlocks": {}
    },
    "auth": {
      "hash": "e3b98a66a6f23a5d",
      "means": "auth: model=discord_oauth, provider=discord, require_verified_email=True, requires_session=True, result_confirmation=all_participants, roles=['user', 'tournament_admin', 'global_admin'], scopes=['identify', 'email']",
      "docs": {
        "docs/auth.md": {
          "hash": "32c999fa1d007caf",
          "status": "current"
        }
      },
      "interlocks": {}
    },
    "betting": {
      "hash": "98e910aa4d9b90d4",
      "means": "betting: cap_rule=max_abs_per_game_rating_delta, currency=overall_elo, escrow_at_placement=True, hidden_by_default=True, participant_self_bet_allowed=TBD, reveal_mechanism=TBD, settle_on=pending_to_confirmed, visibility=TBD, void_on=['disputed', 'cancelled']",
      "docs": {
        "docs/betting.md": {
          "hash": "5577767d95a78c27",
          "status": "current"
        }
      },
      "interlocks": {}
    },
    "deployment": {
      "hash": "ec8b4bb494da7e2a",
      "means": "deployment: app_host=eloup.kodloki.io, canonical_remote=github, cluster=tow-c1, cluster_issuer=letsencrypt-prod, expects_db=sqlite, expects_framework=next.js, expects_gitops=argocd, expects_image_arch=linux/amd64, expects_image_registry=dockerhub, expects_orchestrator=kubernetes, git_hosts=['gitea_haxley', 'github'], gitops_archetype=shine_flat, host=linode_lke, host_pattern=<app>.kodloki.io, image_prefix=bholcombe/eloup-, ingress_class=nginx, namespace=eloup, region=us-sea-2, sealed_secrets_version=v0.27.1, secret_management=sealed_secrets, storage_class=linode-block-storage-retain, wizard_packaging=docker_image",
      "docs": {
        "docs/deployment.md": {
          "hash": "2845957a67000e5b",
          "status": "current"
        }
      },
      "interlocks": {
        "architecture.framework == expects_framework": "PASS",
        "architecture.db == expects_db": "PASS",
        "architecture.orchestrator == expects_orchestrator": "PASS",
        "architecture.gitops == expects_gitops": "PASS",
        "architecture.image_registry == expects_image_registry": "PASS",
        "architecture.image_arch == expects_image_arch": "PASS"
      }
    },
    "racing": {
      "hash": "263b5dcc1698d8ff",
      "means": "racing: anonymous_view=True, chart_strategy=svg_inline, driver_identity_model=separate_with_optional_player_link, elo_integrated=False, ingest_mode=batch_upload, source=lap_monitor, track_model=operator_specified_at_upload, upload_role=global_admin",
      "docs": {
        "docs/racing.md": {
          "hash": "b72f7e3f314af62e",
          "status": "current"
        }
      },
      "interlocks": {}
    },
    "rating": {
      "hash": "02d9c2415171c729",
      "means": "rating: algorithm=elo, default_k=32, floor=0, overall_default_k=32, overall_rating_model=independent_elo, overall_starting_rating=1200, scope=per_game, starting_rating=1200, team_match_formula=team_average_equal_delta",
      "docs": {
        "docs/rating.md": {
          "hash": "b55c2dafc101a714",
          "status": "current"
        }
      },
      "interlocks": {}
    },
    "tournaments": {
      "hash": "bf45b8058ce1f7e7",
      "means": "tournaments: creator_demotable=False, format=named_group, has_admin_role=True, invite_model=single_shared_link, rating_pool=shared",
      "docs": {
        "docs/tournaments.md": {
          "hash": "4480b700cebcb542",
          "status": "current"
        }
      },
      "interlocks": {}
    }
  }
}
